{
  "name": "gatsby-plugin-react-decorators",
  "version": "0.0.2.1",
  "lockfileVersion": 1,
  "requires": true,
  "dependencies": {
    "webpack-decorators-react": {
      "version": "0.0.3",
      "resolved": "https://registry.npmjs.org/webpack-decorators-react/-/webpack-decorators-react-0.0.3.tgz",
      "integrity": "sha512-Vq9Gx+O5g61qieF2Rdi9j0zKwPyPPq24kwaC3lIMNe26uxN7d1FTCfYk0YBLyNQUJ+MQMSjmfUShxOXMjAWBKA=="
    },
    "webpack-decorators-react-dom": {
      "version": "0.0.3",
      "resolved": "https://registry.npmjs.org/webpack-decorators-react-dom/-/webpack-decorators-react-dom-0.0.3.tgz",
      "integrity": "sha512-6f34xb1PmNRDohMg3htgMx4pK2Yq2QSxtSbrvfo5Bkz9MKsNjykU06JQYkADTlIszhzfdjtUxzqC91aFQI9xow=="
    }
  }
}
