{
  "name": "gatsby-plugin-react-decorators",
  "version": "2.0.0-beta.2",
  "lockfileVersion": 1,
  "requires": true,
  "dependencies": {
    "webpack-decorators-react": {
      "version": "0.0.4",
      "resolved": "https://registry.npmjs.org/webpack-decorators-react/-/webpack-decorators-react-0.0.4.tgz",
      "integrity": "sha512-QmPlOkMarPMeANN4GemhtY+gLWU66KuEPC/PE5miHokP6k5kXHDSnsWtGdY7xO2cG2w/CoAuXp41cFnzM3w4yw=="
    },
    "webpack-decorators-react-dom": {
      "version": "0.0.4",
      "resolved": "https://registry.npmjs.org/webpack-decorators-react-dom/-/webpack-decorators-react-dom-0.0.4.tgz",
      "integrity": "sha512-NmFTA+XvxQgYYGMp4KJ2iEzjvQfkdmrX4lR+NdxN9SPLf21p92kIeMhm5KdS/laO+uLUD3rh9jtWNIAXDFak1A=="
    }
  }
}
