{
  "name": "gatsby-plugin-react-decorators",
  "version": "1.0.0-beta.2",
  "lockfileVersion": 1,
  "requires": true,
  "dependencies": {
    "webpack-decorators": {
      "version": "0.0.1",
      "resolved": "https://registry.npmjs.org/webpack-decorators/-/webpack-decorators-0.0.1.tgz",
      "integrity": "sha512-KkP6owMIx+6ku2G/jUJDsdC+rt/2rJ944C2sMdhgyiEp6WjrCn7rv2aXhUn4LaUcDYNdqpiZjQZolS/HpJG+XQ=="
    },
    "webpack-decorators-react": {
      "version": "0.0.1",
      "resolved": "https://registry.npmjs.org/webpack-decorators-react/-/webpack-decorators-react-0.0.1.tgz",
      "integrity": "sha512-R69Qi+cHCibV6aAHH6R162VshdhYaPQtkuI5gM4lsk96JfGT2FhPi6ytqMrLBfQj6MTwoTQWw3dXQ0Yp3ajRwQ==",
      "requires": {
        "webpack-decorators": "^0.0.1"
      }
    },
    "webpack-decorators-react-dom": {
      "version": "0.0.1",
      "resolved": "https://registry.npmjs.org/webpack-decorators-react-dom/-/webpack-decorators-react-dom-0.0.1.tgz",
      "integrity": "sha512-g6tyIE4BTtineIgqDonxlUo9Xy0Fu2wpGFFt4U7p2++YenMne2FNjc9THfV2HNqpY9IoU5W11sltM+n9i8f9Pw==",
      "requires": {
        "webpack-decorators": "^0.0.1"
      }
    }
  }
}
